PODS:
  - Flutter (1.0.0)
  - Web3Auth (3.1.0)
  - web3auth_flutter (0.1.1):
    - Flutter
    - Web3Auth (~> 3.1.0)

DEPENDENCIES:
  - Flutter (from `Flutter`)
  - web3auth_flutter (from `.symlinks/plugins/web3auth_flutter/ios`)

SPEC REPOS:
  https://github.com/CocoaPods/Specs.git:
    - Web3Auth

EXTERNAL SOURCES:
  Flutter:
    :path: Flutter
  web3auth_flutter:
    :path: ".symlinks/plugins/web3auth_flutter/ios"

SPEC CHECKSUMS:
  Flutter: 50d75fe2f02b26cc09d224853bb45737f8b3214a
  Web3Auth: 81df9a25d1ca80b10ac1f0447713297fc9b3aa48
  web3auth_flutter: da1273985079aed620bf9716e97d70112a34a2bd

PODFILE CHECKSUM: 16b18c023339b337fec4a05dcdc6004f5d733352

COCOAPODS: 1.11.2
