PODS:
  - AnalyticsSwiftCocoapod (1.8.0):
    - JSONSafeEncoding (= 2.0.0)
    - Sovran (= 1.1.1)
  - BigInt (5.2.0)
  - curvelib.swift (2.0.0)
  - Flutter (1.0.0)
  - JSONSafeEncoding (2.0.0)
  - JWTDecode (3.3.0)
  - KeychainSwift (20.0.0)
  - Sovran (1.1.1)
  - Torus-fetchNodeDetails (8.0.1):
    - BigInt (~> 5.2.0)
  - Torus-utils (10.0.1):
    - curvelib.swift (~> 2.0.0)
    - Torus-fetchNodeDetails (~> 8.0.1)
  - TorusSessionManager (6.1.0):
    - curvelib.swift (~> 2.0.0)
    - KeychainSwift (~> 20.0.0)
  - Web3Auth (12.0.1):
    - AnalyticsSwiftCocoapod (~> 1.8.0)
    - BigInt (~> 5.2.0)
    - curvelib.swift (~> 2.0.0)
    - JWTDecode (~> 3.3.0)
    - KeychainSwift (~> 20.0.0)
    - Torus-utils (~> 10.0.1)
    - TorusSessionManager (~> 6.1.0)
  - web3auth_flutter (7.0.0):
    - Flutter
    - Web3Auth (~> 12.0.1)

DEPENDENCIES:
  - Flutter (from `Flutter`)
  - web3auth_flutter (from `.symlinks/plugins/web3auth_flutter/ios`)

SPEC REPOS:
  https://github.com/CocoaPods/Specs.git:
    - AnalyticsSwiftCocoapod
    - BigInt
    - curvelib.swift
    - JSONSafeEncoding
    - JWTDecode
    - KeychainSwift
    - Sovran
    - Torus-fetchNodeDetails
    - Torus-utils
    - TorusSessionManager
    - Web3Auth

EXTERNAL SOURCES:
  Flutter:
    :path: Flutter
  web3auth_flutter:
    :path: ".symlinks/plugins/web3auth_flutter/ios"

SPEC CHECKSUMS:
  AnalyticsSwiftCocoapod: cc3e4d4e381a080c89a6f5f56845577c298bc627
  BigInt: f668a80089607f521586bbe29513d708491ef2f7
  curvelib.swift: b9223e5cac801effed8a5fe8968e952b3fe427a5
  Flutter: cabc95a1d2626b1b06e7179b784ebcf0c0cde467
  JSONSafeEncoding: 54722ebc4fe1482e3e60a8450e1287481e32dd8b
  JWTDecode: 1ca6f765844457d0dd8690436860fecee788f631
  KeychainSwift: 0ce6a4d13f7228054d1a71bb1b500448fb2ab837
  Sovran: f8212bb3855042a24689a73ea0219ca5295235da
  Torus-fetchNodeDetails: 0ae97719263ee98f5bf5549a86464eea38a828f3
  Torus-utils: 7c53a9c71663c2f458bfdcf1a380d7a5b88f9632
  TorusSessionManager: cd2de693425cefb976c7bca42a45964297d8c2cc
  Web3Auth: 5459b2d5bcdb150c5e84c7229639422cba684814
  web3auth_flutter: 503a6d59562b5a39c37d66fbc03e09bac3557a51

PODFILE CHECKSUM: 1d58595b82b880200a7ded05da9181d30ef8c1b7

COCOAPODS: 1.16.2
